
Microsoft Visual Studio Solution File, Format Version 12.00
# Visual Studio 15
VisualStudioVersion = 15.0.28307.1622
MinimumVisualStudioVersion = 10.0.40219.1
Project("{159641D6-6404-4A2A-AE62-294DE0FE8301}") = "Mul_Floor", "Mul_Floor\Mul_Floor.dtproj", "{D5129DCB-D861-493E-87C2-6EB26C4D47FE}"
EndProject
Global
	GlobalSection(SolutionConfigurationPlatforms) = preSolution
		Development|Default = Development|Default
	EndGlobalSection
	GlobalSection(ProjectConfigurationPlatforms) = postSolution
		{D5129DCB-D861-493E-87C2-6EB26C4D47FE}.Development|Default.ActiveCfg = Development
		{D5129DCB-D861-493E-87C2-6EB26C4D47FE}.Development|Default.Build.0 = Development
	EndGlobalSection
	GlobalSection(SolutionProperties) = preSolution
		HideSolutionNode = FALSE
	EndGlobalSection
	GlobalSection(ExtensibilityGlobals) = postSolution
		SolutionGuid = {4433FA3E-D841-4B03-B374-4B9A18E8D438}
	EndGlobalSection
EndGlobal
